
Microsoft Visual Studio Solution File, Format Version 12.00
# Visual Studio 2012
Project("{FAE04EC0-301F-11D3-BF4B-00C04F79EFBC}") = "MFUnit", "MFUnit\MFUnit.csproj", "{EC81132A-FCC6-4294-B60E-B62E4A908C43}"
EndProject
Project("{FAE04EC0-301F-11D3-BF4B-00C04F79EFBC}") = "MFUnit.Tests", "MFUnit.Tests\MFUnit.Tests.csproj", "{4E722DBA-63DF-4062-8A69-F32E33EA921F}"
EndProject
Project("{2150E333-8FDC-42A3-9474-1A3956D46DE8}") = "Solution Items", "Solution Items", "{FDF9A753-54E3-410D-BC1B-6E171ECCA714}"
	ProjectSection(SolutionItems) = preProject
		README.md = README.md
	EndProjectSection
EndProject
Project("{2150E333-8FDC-42A3-9474-1A3956D46DE8}") = "NuGet", "NuGet", "{7709AD80-A586-458E-BB8A-316EF70C4C18}"
	ProjectSection(SolutionItems) = preProject
		NuGet\package\MFUnit.nuspec = NuGet\package\MFUnit.nuspec
		NuGet\nupack.bat = NuGet\nupack.bat
	EndProjectSection
EndProject
Global
	GlobalSection(SolutionConfigurationPlatforms) = preSolution
		Debug|Any CPU = Debug|Any CPU
		Release|Any CPU = Release|Any CPU
	EndGlobalSection
	GlobalSection(ProjectConfigurationPlatforms) = postSolution
		{EC81132A-FCC6-4294-B60E-B62E4A908C43}.Debug|Any CPU.ActiveCfg = Debug|Any CPU
		{EC81132A-FCC6-4294-B60E-B62E4A908C43}.Debug|Any CPU.Build.0 = Debug|Any CPU
		{EC81132A-FCC6-4294-B60E-B62E4A908C43}.Release|Any CPU.ActiveCfg = Release|Any CPU
		{EC81132A-FCC6-4294-B60E-B62E4A908C43}.Release|Any CPU.Build.0 = Release|Any CPU
		{4E722DBA-63DF-4062-8A69-F32E33EA921F}.Debug|Any CPU.ActiveCfg = Debug|Any CPU
		{4E722DBA-63DF-4062-8A69-F32E33EA921F}.Debug|Any CPU.Build.0 = Debug|Any CPU
		{4E722DBA-63DF-4062-8A69-F32E33EA921F}.Debug|Any CPU.Deploy.0 = Debug|Any CPU
		{4E722DBA-63DF-4062-8A69-F32E33EA921F}.Release|Any CPU.ActiveCfg = Release|Any CPU
		{4E722DBA-63DF-4062-8A69-F32E33EA921F}.Release|Any CPU.Build.0 = Release|Any CPU
		{4E722DBA-63DF-4062-8A69-F32E33EA921F}.Release|Any CPU.Deploy.0 = Release|Any CPU
	EndGlobalSection
	GlobalSection(SolutionProperties) = preSolution
		HideSolutionNode = FALSE
	EndGlobalSection
EndGlobal
